
Microsoft Visual Studio Solution File, Format Version 12.00
# Visual Studio 15
VisualStudioVersion = 15.0.28307.168
MinimumVisualStudioVersion = 10.0.40219.1
Project("{FAE04EC0-301F-11D3-BF4B-00C04F79EFBC}") = "Project2", "Project2\Project2.csproj", "{21DD7E82-2452-4C6C-AF3B-377B9AC70C5D}"
EndProject
Global
	GlobalSection(SolutionConfigurationPlatforms) = preSolution
		Debug|Any CPU = Debug|Any CPU
		Release|Any CPU = Release|Any CPU
	EndGlobalSection
	GlobalSection(ProjectConfigurationPlatforms) = postSolution
		{21DD7E82-2452-4C6C-AF3B-377B9AC70C5D}.Debug|Any CPU.ActiveCfg = Debug|Any CPU
		{21DD7E82-2452-4C6C-AF3B-377B9AC70C5D}.Debug|Any CPU.Build.0 = Debug|Any CPU
		{21DD7E82-2452-4C6C-AF3B-377B9AC70C5D}.Release|Any CPU.ActiveCfg = Release|Any CPU
		{21DD7E82-2452-4C6C-AF3B-377B9AC70C5D}.Release|Any CPU.Build.0 = Release|Any CPU
	EndGlobalSection
	GlobalSection(SolutionProperties) = preSolution
		HideSolutionNode = FALSE
	EndGlobalSection
	GlobalSection(ExtensibilityGlobals) = postSolution
		SolutionGuid = {A5A56ABC-0A19-480F-91E9-36E45E2F77DE}
	EndGlobalSection
EndGlobal
